// !$*UTF8*$!
{
	archiveVersion = 1;
	classes = {
	};
	objectVersion = 46;
	objects = {

/* Begin PBXBuildFile section */
		215B9CC41DE42ACE006649AC /* ADTS_Struct.png in Resources */ = {isa = PBXBuildFile; fileRef = 215B9CC31DE42ACE006649AC /* ADTS_Struct.png */; };
		21717C7A1DD2BAF400461D08 /* main.m in Sources */ = {isa = PBXBuildFile; fileRef = 21717C791DD2BAF400461D08 /* main.m */; };
		21717C7D1DD2BAF400461D08 /* AppDelegate.m in Sources */ = {isa = PBXBuildFile; fileRef = 21717C7C1DD2BAF400461D08 /* AppDelegate.m */; };
		21717C801DD2BAF400461D08 /* ViewController.m in Sources */ = {isa = PBXBuildFile; fileRef = 21717C7F1DD2BAF400461D08 /* ViewController.m */; };
		21717C831DD2BAF400461D08 /* Main.storyboard in Resources */ = {isa = PBXBuildFile; fileRef = 21717C811DD2BAF400461D08 /* Main.storyboard */; };
		21717C861DD2BAF400461D08 /* DS.xcdatamodeld in Sources */ = {isa = PBXBuildFile; fileRef = 21717C841DD2BAF400461D08 /* DS.xcdatamodeld */; };
		21717C881DD2BAF400461D08 /* Assets.xcassets in Resources */ = {isa = PBXBuildFile; fileRef = 21717C871DD2BAF400461D08 /* Assets.xcassets */; };
		21717C8B1DD2BAF400461D08 /* LaunchScreen.storyboard in Resources */ = {isa = PBXBuildFile; fileRef = 21717C891DD2BAF400461D08 /* LaunchScreen.storyboard */; };
		21717C961DD2F9D300461D08 /* abc.mp4 in Resources */ = {isa = PBXBuildFile; fileRef = 21717C951DD2F9D300461D08 /* abc.mp4 */; };
		21717C991DD2FA3C00461D08 /* VideoToolbox.framework in Frameworks */ = {isa = PBXBuildFile; fileRef = 21717C981DD2FA3C00461D08 /* VideoToolbox.framework */; };
		21717C9B1DD2FA4200461D08 /* SystemConfiguration.framework in Frameworks */ = {isa = PBXBuildFile; fileRef = 21717C9A1DD2FA4200461D08 /* SystemConfiguration.framework */; };
		21717C9D1DD2FA4700461D08 /* CoreTelephony.framework in Frameworks */ = {isa = PBXBuildFile; fileRef = 21717C9C1DD2FA4700461D08 /* CoreTelephony.framework */; };
		21717C9F1DD2FA4C00461D08 /* AVFoundation.framework in Frameworks */ = {isa = PBXBuildFile; fileRef = 21717C9E1DD2FA4C00461D08 /* AVFoundation.framework */; };
		21717CA11DD2FA5100461D08 /* CoreMedia.framework in Frameworks */ = {isa = PBXBuildFile; fileRef = 21717CA01DD2FA5100461D08 /* CoreMedia.framework */; };
		21717CA31DD2FA5600461D08 /* CoreGraphics.framework in Frameworks */ = {isa = PBXBuildFile; fileRef = 21717CA21DD2FA5600461D08 /* CoreGraphics.framework */; };
		21717CA51DD2FA5D00461D08 /* libstdc++.tbd in Frameworks */ = {isa = PBXBuildFile; fileRef = 21717CA41DD2FA5D00461D08 /* libstdc++.tbd */; };
		21717CA71DD2FA6200461D08 /* libz.tbd in Frameworks */ = {isa = PBXBuildFile; fileRef = 21717CA61DD2FA6200461D08 /* libz.tbd */; };
		21717CA91DD2FA6900461D08 /* libiconv.tbd in Frameworks */ = {isa = PBXBuildFile; fileRef = 21717CA81DD2FA6900461D08 /* libiconv.tbd */; };
		21717CAB1DD2FA6E00461D08 /* libresolv.tbd in Frameworks */ = {isa = PBXBuildFile; fileRef = 21717CAA1DD2FA6E00461D08 /* libresolv.tbd */; };
		21717CB01DD4561E00461D08 /* JZPushController.m in Sources */ = {isa = PBXBuildFile; fileRef = 21717CAF1DD4561E00461D08 /* JZPushController.m */; };
		21717CCA1DD6B3EB00461D08 /* IJKMediaFramework.framework in Frameworks */ = {isa = PBXBuildFile; fileRef = 21717CC91DD6B3EB00461D08 /* IJKMediaFramework.framework */; };
		21717CCD1DD6B41A00461D08 /* JZPlayController.m in Sources */ = {isa = PBXBuildFile; fileRef = 21717CCC1DD6B41A00461D08 /* JZPlayController.m */; };
		21DFD8BB1DDFEEE900F34864 /* MyPushController.m in Sources */ = {isa = PBXBuildFile; fileRef = 21DFD8BA1DDFEEE900F34864 /* MyPushController.m */; };
		21DFD8C21DE28BC700F34864 /* JZAACEncoder.m in Sources */ = {isa = PBXBuildFile; fileRef = 21DFD8BD1DE28BC700F34864 /* JZAACEncoder.m */; };
		21DFD8C31DE28BC700F34864 /* JZEncoderTest_VC.m in Sources */ = {isa = PBXBuildFile; fileRef = 21DFD8BF1DE28BC700F34864 /* JZEncoderTest_VC.m */; };
		21DFD8C41DE28BC700F34864 /* JZH264Encoder.m in Sources */ = {isa = PBXBuildFile; fileRef = 21DFD8C11DE28BC700F34864 /* JZH264Encoder.m */; };
		F105A7D5D01C7030F51B9352 /* libPods-DS.a in Frameworks */ = {isa = PBXBuildFile; fileRef = BFE673F9ABC8E2B7706D19B6 /* libPods-DS.a */; };
/* End PBXBuildFile section */

/* Begin PBXFileReference section */
		215B9CC31DE42ACE006649AC /* ADTS_Struct.png */ = {isa = PBXFileReference; lastKnownFileType = image.png; path = ADTS_Struct.png; sourceTree = "<group>"; };
		21717C751DD2BAF400461D08 /* DS.app */ = {isa = PBXFileReference; explicitFileType = wrapper.application; includeInIndex = 0; path = DS.app; sourceTree = BUILT_PRODUCTS_DIR; };
		21717C791DD2BAF400461D08 /* main.m */ = {isa = PBXFileReference; lastKnownFileType = sourcecode.c.objc; path = main.m; sourceTree = "<group>"; };
		21717C7B1DD2BAF400461D08 /* AppDelegate.h */ = {isa = PBXFileReference; lastKnownFileType = sourcecode.c.h; path = AppDelegate.h; sourceTree = "<group>"; };
		21717C7C1DD2BAF400461D08 /* AppDelegate.m */ = {isa = PBXFileReference; lastKnownFileType = sourcecode.c.objc; path = AppDelegate.m; sourceTree = "<group>"; };
		21717C7E1DD2BAF400461D08 /* ViewController.h */ = {isa = PBXFileReference; lastKnownFileType = sourcecode.c.h; path = ViewController.h; sourceTree = "<group>"; };
		21717C7F1DD2BAF400461D08 /* ViewController.m */ = {isa = PBXFileReference; lastKnownFileType = sourcecode.c.objc; path = ViewController.m; sourceTree = "<group>"; };
		21717C821DD2BAF400461D08 /* Base */ = {isa = PBXFileReference; lastKnownFileType = file.storyboard; name = Base; path = Base.lproj/Main.storyboard; sourceTree = "<group>"; };
		21717C851DD2BAF400461D08 /* DS.xcdatamodel */ = {isa = PBXFileReference; lastKnownFileType = wrapper.xcdatamodel; path = DS.xcdatamodel; sourceTree = "<group>"; };
		21717C871DD2BAF400461D08 /* Assets.xcassets */ = {isa = PBXFileReference; lastKnownFileType = folder.assetcatalog; path = Assets.xcassets; sourceTree = "<group>"; };
		21717C8A1DD2BAF400461D08 /* Base */ = {isa = PBXFileReference; lastKnownFileType = file.storyboard; name = Base; path = Base.lproj/LaunchScreen.storyboard; sourceTree = "<group>"; };
		21717C8C1DD2BAF400461D08 /* Info.plist */ = {isa = PBXFileReference; lastKnownFileType = text.plist.xml; path = Info.plist; sourceTree = "<group>"; };
		21717C951DD2F9D300461D08 /* abc.mp4 */ = {isa = PBXFileReference; lastKnownFileType = file; path = abc.mp4; sourceTree = "<group>"; };
		21717C981DD2FA3C00461D08 /* VideoToolbox.framework */ = {isa = PBXFileReference; lastKnownFileType = wrapper.framework; name = VideoToolbox.framework; path = System/Library/Frameworks/VideoToolbox.framework; sourceTree = SDKROOT; };
		21717C9A1DD2FA4200461D08 /* SystemConfiguration.framework */ = {isa = PBXFileReference; lastKnownFileType = wrapper.framework; name = SystemConfiguration.framework; path = System/Library/Frameworks/SystemConfiguration.framework; sourceTree = SDKROOT; };
		21717C9C1DD2FA4700461D08 /* CoreTelephony.framework */ = {isa = PBXFileReference; lastKnownFileType = wrapper.framework; name = CoreTelephony.framework; path = System/Library/Frameworks/CoreTelephony.framework; sourceTree = SDKROOT; };
		21717C9E1DD2FA4C00461D08 /* AVFoundation.framework */ = {isa = PBXFileReference; lastKnownFileType = wrapper.framework; name = AVFoundation.framework; path = System/Library/Frameworks/AVFoundation.framework; sourceTree = SDKROOT; };
		21717CA01DD2FA5100461D08 /* CoreMedia.framework */ = {isa = PBXFileReference; lastKnownFileType = wrapper.framework; name = CoreMedia.framework; path = System/Library/Frameworks/CoreMedia.framework; sourceTree = SDKROOT; };
		21717CA21DD2FA5600461D08 /* CoreGraphics.framework */ = {isa = PBXFileReference; lastKnownFileType = wrapper.framework; name = CoreGraphics.framework; path = System/Library/Frameworks/CoreGraphics.framework; sourceTree = SDKROOT; };
		21717CA41DD2FA5D00461D08 /* libstdc++.tbd */ = {isa = PBXFileReference; lastKnownFileType = "sourcecode.text-based-dylib-definition"; name = "libstdc++.tbd"; path = "usr/lib/libstdc++.tbd"; sourceTree = SDKROOT; };
		21717CA61DD2FA6200461D08 /* libz.tbd */ = {isa = PBXFileReference; lastKnownFileType = "sourcecode.text-based-dylib-definition"; name = libz.tbd; path = usr/lib/libz.tbd; sourceTree = SDKROOT; };
		21717CA81DD2FA6900461D08 /* libiconv.tbd */ = {isa = PBXFileReference; lastKnownFileType = "sourcecode.text-based-dylib-definition"; name = libiconv.tbd; path = usr/lib/libiconv.tbd; sourceTree = SDKROOT; };
		21717CAA1DD2FA6E00461D08 /* libresolv.tbd */ = {isa = PBXFileReference; lastKnownFileType = "sourcecode.text-based-dylib-definition"; name = libresolv.tbd; path = usr/lib/libresolv.tbd; sourceTree = SDKROOT; };
		21717CAE1DD4561E00461D08 /* JZPushController.h */ = {isa = PBXFileReference; fileEncoding = 4; lastKnownFileType = sourcecode.c.h; path = JZPushController.h; sourceTree = "<group>"; };
		21717CAF1DD4561E00461D08 /* JZPushController.m */ = {isa = PBXFileReference; fileEncoding = 4; lastKnownFileType = sourcecode.c.objc; path = JZPushController.m; sourceTree = "<group>"; };
		21717CC91DD6B3EB00461D08 /* IJKMediaFramework.framework */ = {isa = PBXFileReference; lastKnownFileType = wrapper.framework; path = IJKMediaFramework.framework; sourceTree = "<group>"; };
		21717CCB1DD6B41A00461D08 /* JZPlayController.h */ = {isa = PBXFileReference; fileEncoding = 4; lastKnownFileType = sourcecode.c.h; path = JZPlayController.h; sourceTree = "<group>"; };
		21717CCC1DD6B41A00461D08 /* JZPlayController.m */ = {isa = PBXFileReference; fileEncoding = 4; lastKnownFileType = sourcecode.c.objc; path = JZPlayController.m; sourceTree = "<group>"; };
		21DFD8B91DDFEEE900F34864 /* MyPushController.h */ = {isa = PBXFileReference; fileEncoding = 4; lastKnownFileType = sourcecode.c.h; path = MyPushController.h; sourceTree = "<group>"; };
		21DFD8BA1DDFEEE900F34864 /* MyPushController.m */ = {isa = PBXFileReference; fileEncoding = 4; lastKnownFileType = sourcecode.c.objc; path = MyPushController.m; sourceTree = "<group>"; };
		21DFD8BC1DE28BC700F34864 /* JZAACEncoder.h */ = {isa = PBXFileReference; fileEncoding = 4; lastKnownFileType = sourcecode.c.h; path = JZAACEncoder.h; sourceTree = "<group>"; };
		21DFD8BD1DE28BC700F34864 /* JZAACEncoder.m */ = {isa = PBXFileReference; fileEncoding = 4; lastKnownFileType = sourcecode.c.objc; path = JZAACEncoder.m; sourceTree = "<group>"; };
		21DFD8BE1DE28BC700F34864 /* JZEncoderTest_VC.h */ = {isa = PBXFileReference; fileEncoding = 4; lastKnownFileType = sourcecode.c.h; path = JZEncoderTest_VC.h; sourceTree = "<group>"; };
		21DFD8BF1DE28BC700F34864 /* JZEncoderTest_VC.m */ = {isa = PBXFileReference; fileEncoding = 4; lastKnownFileType = sourcecode.c.objc; path = JZEncoderTest_VC.m; sourceTree = "<group>"; };
		21DFD8C01DE28BC700F34864 /* JZH264Encoder.h */ = {isa = PBXFileReference; fileEncoding = 4; lastKnownFileType = sourcecode.c.h; path = JZH264Encoder.h; sourceTree = "<group>"; };
		21DFD8C11DE28BC700F34864 /* JZH264Encoder.m */ = {isa = PBXFileReference; fileEncoding = 4; lastKnownFileType = sourcecode.c.objc; path = JZH264Encoder.m; sourceTree = "<group>"; };
		21DFD8C51DE28BDE00F34864 /* Macro.h */ = {isa = PBXFileReference; fileEncoding = 4; lastKnownFileType = sourcecode.c.h; path = Macro.h; sourceTree = "<group>"; };
		21DFD8C61DE28BE500F34864 /* PrefixHeader.pch */ = {isa = PBXFileReference; fileEncoding = 4; lastKnownFileType = sourcecode.c.h; path = PrefixHeader.pch; sourceTree = "<group>"; };
		5D65F4DDC544B8AADDFF0743 /* Pods-DS.debug.xcconfig */ = {isa = PBXFileReference; includeInIndex = 1; lastKnownFileType = text.xcconfig; name = "Pods-DS.debug.xcconfig"; path = "Pods/Target Support Files/Pods-DS/Pods-DS.debug.xcconfig"; sourceTree = "<group>"; };
		BFDBD0F9F538B7753375279E /* Pods-DS.release.xcconfig */ = {isa = PBXFileReference; includeInIndex = 1; lastKnownFileType = text.xcconfig; name = "Pods-DS.release.xcconfig"; path = "Pods/Target Support Files/Pods-DS/Pods-DS.release.xcconfig"; sourceTree = "<group>"; };
		BFE673F9ABC8E2B7706D19B6 /* libPods-DS.a */ = {isa = PBXFileReference; explicitFileType = archive.ar; includeInIndex = 0; path = "libPods-DS.a"; sourceTree = BUILT_PRODUCTS_DIR; };
/* End PBXFileReference section */

/* Begin PBXFrameworksBuildPhase section */
		21717C721DD2BAF300461D08 /* Frameworks */ = {
			isa = PBXFrameworksBuildPhase;
			buildActionMask = 2147483647;
			files = (
				21717CAB1DD2FA6E00461D08 /* libresolv.tbd in Frameworks */,
				21717CA91DD2FA6900461D08 /* libiconv.tbd in Frameworks */,
				21717CA71DD2FA6200461D08 /* libz.tbd in Frameworks */,
				21717CCA1DD6B3EB00461D08 /* IJKMediaFramework.framework in Frameworks */,
				21717CA51DD2FA5D00461D08 /* libstdc++.tbd in Frameworks */,
				21717CA31DD2FA5600461D08 /* CoreGraphics.framework in Frameworks */,
				21717CA11DD2FA5100461D08 /* CoreMedia.framework in Frameworks */,
				21717C9F1DD2FA4C00461D08 /* AVFoundation.framework in Frameworks */,
				21717C9D1DD2FA4700461D08 /* CoreTelephony.framework in Frameworks */,
				21717C9B1DD2FA4200461D08 /* SystemConfiguration.framework in Frameworks */,
				21717C991DD2FA3C00461D08 /* VideoToolbox.framework in Frameworks */,
				F105A7D5D01C7030F51B9352 /* libPods-DS.a in Frameworks */,
			);
			runOnlyForDeploymentPostprocessing = 0;
		};
/* End PBXFrameworksBuildPhase section */

/* Begin PBXGroup section */
		21717C6C1DD2BAF300461D08 = {
			isa = PBXGroup;
			children = (
				21717C771DD2BAF400461D08 /* DS */,
				21717C761DD2BAF400461D08 /* Products */,
				21717CC81DD6B3C900461D08 /* Frameworks */,
				82191D1CE039065067C63D89 /* Pods */,
			);
			sourceTree = "<group>";
		};
		21717C761DD2BAF400461D08 /* Products */ = {
			isa = PBXGroup;
			children = (
				21717C751DD2BAF400461D08 /* DS.app */,
			);
			name = Products;
			sourceTree = "<group>";
		};
		21717C771DD2BAF400461D08 /* DS */ = {
			isa = PBXGroup;
			children = (
				21717C7B1DD2BAF400461D08 /* AppDelegate.h */,
				21717C7C1DD2BAF400461D08 /* AppDelegate.m */,
				21717C7E1DD2BAF400461D08 /* ViewController.h */,
				21717C7F1DD2BAF400461D08 /* ViewController.m */,
				21717CAE1DD4561E00461D08 /* JZPushController.h */,
				21717CAF1DD4561E00461D08 /* JZPushController.m */,
				21DFD8B91DDFEEE900F34864 /* MyPushController.h */,
				21DFD8BA1DDFEEE900F34864 /* MyPushController.m */,
				21717CCB1DD6B41A00461D08 /* JZPlayController.h */,
				21717CCC1DD6B41A00461D08 /* JZPlayController.m */,
				21DFD8BC1DE28BC700F34864 /* JZAACEncoder.h */,
				21DFD8BD1DE28BC700F34864 /* JZAACEncoder.m */,
				21DFD8BE1DE28BC700F34864 /* JZEncoderTest_VC.h */,
				21DFD8BF1DE28BC700F34864 /* JZEncoderTest_VC.m */,
				21DFD8C01DE28BC700F34864 /* JZH264Encoder.h */,
				21DFD8C11DE28BC700F34864 /* JZH264Encoder.m */,
				215B9CC31DE42ACE006649AC /* ADTS_Struct.png */,
				21717C811DD2BAF400461D08 /* Main.storyboard */,
				21717C951DD2F9D300461D08 /* abc.mp4 */,
				21717C871DD2BAF400461D08 /* Assets.xcassets */,
				21717C891DD2BAF400461D08 /* LaunchScreen.storyboard */,
				21717C8C1DD2BAF400461D08 /* Info.plist */,
				21717C841DD2BAF400461D08 /* DS.xcdatamodeld */,
				21717C781DD2BAF400461D08 /* Supporting Files */,
			);
			path = DS;
			sourceTree = "<group>";
		};
		21717C781DD2BAF400461D08 /* Supporting Files */ = {
			isa = PBXGroup;
			children = (
				21717C791DD2BAF400461D08 /* main.m */,
				21DFD8C51DE28BDE00F34864 /* Macro.h */,
				21DFD8C61DE28BE500F34864 /* PrefixHeader.pch */,
			);
			name = "Supporting Files";
			sourceTree = "<group>";
		};
		21717CC81DD6B3C900461D08 /* Frameworks */ = {
			isa = PBXGroup;
			children = (
				21717CC91DD6B3EB00461D08 /* IJKMediaFramework.framework */,
				21717CAA1DD2FA6E00461D08 /* libresolv.tbd */,
				21717CA81DD2FA6900461D08 /* libiconv.tbd */,
				21717CA61DD2FA6200461D08 /* libz.tbd */,
				21717CA41DD2FA5D00461D08 /* libstdc++.tbd */,
				21717CA21DD2FA5600461D08 /* CoreGraphics.framework */,
				21717CA01DD2FA5100461D08 /* CoreMedia.framework */,
				21717C9E1DD2FA4C00461D08 /* AVFoundation.framework */,
				21717C9C1DD2FA4700461D08 /* CoreTelephony.framework */,
				21717C9A1DD2FA4200461D08 /* SystemConfiguration.framework */,
				21717C981DD2FA3C00461D08 /* VideoToolbox.framework */,
				BFE673F9ABC8E2B7706D19B6 /* libPods-DS.a */,
			);
			path = Frameworks;
			sourceTree = "<group>";
		};
		82191D1CE039065067C63D89 /* Pods */ = {
			isa = PBXGroup;
			children = (
				5D65F4DDC544B8AADDFF0743 /* Pods-DS.debug.xcconfig */,
				BFDBD0F9F538B7753375279E /* Pods-DS.release.xcconfig */,
			);
			name = Pods;
			sourceTree = "<group>";
		};
/* End PBXGroup section */

/* Begin PBXNativeTarget section */
		21717C741DD2BAF300461D08 /* DS */ = {
			isa = PBXNativeTarget;
			buildConfigurationList = 21717C8F1DD2BAF400461D08 /* Build configuration list for PBXNativeTarget "DS" */;
			buildPhases = (
				F0E0A92762F7CD4E8A70E4B9 /* [CP] Check Pods Manifest.lock */,
				21717C711DD2BAF300461D08 /* Sources */,
				21717C721DD2BAF300461D08 /* Frameworks */,
				21717C731DD2BAF300461D08 /* Resources */,
				DA84F99A2315231BC350FC1B /* [CP] Embed Pods Frameworks */,
				EAD73F01D28AC3CF55A1BCE8 /* [CP] Copy Pods Resources */,
			);
			buildRules = (
			);
			dependencies = (
			);
			name = DS;
			productName = DS;
			productReference = 21717C751DD2BAF400461D08 /* DS.app */;
			productType = "com.apple.product-type.application";
		};
/* End PBXNativeTarget section */

/* Begin PBXProject section */
		21717C6D1DD2BAF300461D08 /* Project object */ = {
			isa = PBXProject;
			attributes = {
				LastUpgradeCheck = 0810;
				ORGANIZATIONNAME = Zhen;
				TargetAttributes = {
					21717C741DD2BAF300461D08 = {
						CreatedOnToolsVersion = 8.1;
						DevelopmentTeam = W68N6MQ3M7;
						ProvisioningStyle = Automatic;
					};
				};
			};
			buildConfigurationList = 21717C701DD2BAF300461D08 /* Build configuration list for PBXProject "DS" */;
			compatibilityVersion = "Xcode 3.2";
			developmentRegion = English;
			hasScannedForEncodings = 0;
			knownRegions = (
				en,
				Base,
			);
			mainGroup = 21717C6C1DD2BAF300461D08;
			productRefGroup = 21717C761DD2BAF400461D08 /* Products */;
			projectDirPath = "";
			projectRoot = "";
			targets = (
				21717C741DD2BAF300461D08 /* DS */,
			);
		};
/* End PBXProject section */

/* Begin PBXResourcesBuildPhase section */
		21717C731DD2BAF300461D08 /* Resources */ = {
			isa = PBXResourcesBuildPhase;
			buildActionMask = 2147483647;
			files = (
				215B9CC41DE42ACE006649AC /* ADTS_Struct.png in Resources */,
				21717C961DD2F9D300461D08 /* abc.mp4 in Resources */,
				21717C8B1DD2BAF400461D08 /* LaunchScreen.storyboard in Resources */,
				21717C881DD2BAF400461D08 /* Assets.xcassets in Resources */,
				21717C831DD2BAF400461D08 /* Main.storyboard in Resources */,
			);
			runOnlyForDeploymentPostprocessing = 0;
		};
/* End PBXResourcesBuildPhase section */

/* Begin PBXShellScriptBuildPhase section */
		DA84F99A2315231BC350FC1B /* [CP] Embed Pods Frameworks */ = {
			isa = PBXShellScriptBuildPhase;
			buildActionMask = 2147483647;
			files = (
			);
			inputPaths = (
			);
			name = "[CP] Embed Pods Frameworks";
			outputPaths = (
			);
			runOnlyForDeploymentPostprocessing = 0;
			shellPath = /bin/sh;
			shellScript = "\"${SRCROOT}/Pods/Target Support Files/Pods-DS/Pods-DS-frameworks.sh\"\n";
			showEnvVarsInLog = 0;
		};
		EAD73F01D28AC3CF55A1BCE8 /* [CP] Copy Pods Resources */ = {
			isa = PBXShellScriptBuildPhase;
			buildActionMask = 2147483647;
			files = (
			);
			inputPaths = (
			);
			name = "[CP] Copy Pods Resources";
			outputPaths = (
			);
			runOnlyForDeploymentPostprocessing = 0;
			shellPath = /bin/sh;
			shellScript = "\"${SRCROOT}/Pods/Target Support Files/Pods-DS/Pods-DS-resources.sh\"\n";
			showEnvVarsInLog = 0;
		};
		F0E0A92762F7CD4E8A70E4B9 /* [CP] Check Pods Manifest.lock */ = {
			isa = PBXShellScriptBuildPhase;
			buildActionMask = 2147483647;
			files = (
			);
			inputPaths = (
			);
			name = "[CP] Check Pods Manifest.lock";
			outputPaths = (
			);
			runOnlyForDeploymentPostprocessing = 0;
			shellPath = /bin/sh;
			shellScript = "diff \"${PODS_ROOT}/../Podfile.lock\" \"${PODS_ROOT}/Manifest.lock\" > /dev/null\nif [ $? != 0 ] ; then\n    # print error to STDERR\n    echo \"error: The sandbox is not in sync with the Podfile.lock. Run 'pod install' or update your CocoaPods installation.\" >&2\n    exit 1\nfi\n";
			showEnvVarsInLog = 0;
		};
/* End PBXShellScriptBuildPhase section */

/* Begin PBXSourcesBuildPhase section */
		21717C711DD2BAF300461D08 /* Sources */ = {
			isa = PBXSourcesBuildPhase;
			buildActionMask = 2147483647;
			files = (
				21DFD8BB1DDFEEE900F34864 /* MyPushController.m in Sources */,
				21717C801DD2BAF400461D08 /* ViewController.m in Sources */,
				21DFD8C41DE28BC700F34864 /* JZH264Encoder.m in Sources */,
				21DFD8C21DE28BC700F34864 /* JZAACEncoder.m in Sources */,
				21717CB01DD4561E00461D08 /* JZPushController.m in Sources */,
				21717C7D1DD2BAF400461D08 /* AppDelegate.m in Sources */,
				21DFD8C31DE28BC700F34864 /* JZEncoderTest_VC.m in Sources */,
				21717C861DD2BAF400461D08 /* DS.xcdatamodeld in Sources */,
				21717C7A1DD2BAF400461D08 /* main.m in Sources */,
				21717CCD1DD6B41A00461D08 /* JZPlayController.m in Sources */,
			);
			runOnlyForDeploymentPostprocessing = 0;
		};
/* End PBXSourcesBuildPhase section */

/* Begin PBXVariantGroup section */
		21717C811DD2BAF400461D08 /* Main.storyboard */ = {
			isa = PBXVariantGroup;
			children = (
				21717C821DD2BAF400461D08 /* Base */,
			);
			name = Main.storyboard;
			sourceTree = "<group>";
		};
		21717C891DD2BAF400461D08 /* LaunchScreen.storyboard */ = {
			isa = PBXVariantGroup;
			children = (
				21717C8A1DD2BAF400461D08 /* Base */,
			);
			name = LaunchScreen.storyboard;
			sourceTree = "<group>";
		};
/* End PBXVariantGroup section */

/* Begin XCBuildConfiguration section */
		21717C8D1DD2BAF400461D08 /* Debug */ = {
			isa = XCBuildConfiguration;
			buildSettings = {
				ALWAYS_SEARCH_USER_PATHS = NO;
				CLANG_ANALYZER_NONNULL = YES;
				CLANG_CXX_LANGUAGE_STANDARD = "gnu++0x";
				CLANG_CXX_LIBRARY = "libc++";
				CLANG_ENABLE_MODULES = YES;
				CLANG_ENABLE_OBJC_ARC = YES;
				CLANG_WARN_BOOL_CONVERSION = YES;
				CLANG_WARN_CONSTANT_CONVERSION = YES;
				CLANG_WARN_DIRECT_OBJC_ISA_USAGE = YES_ERROR;
				CLANG_WARN_DOCUMENTATION_COMMENTS = YES;
				CLANG_WARN_EMPTY_BODY = YES;
				CLANG_WARN_ENUM_CONVERSION = YES;
				CLANG_WARN_INFINITE_RECURSION = YES;
				CLANG_WARN_INT_CONVERSION = YES;
				CLANG_WARN_OBJC_ROOT_CLASS = YES_ERROR;
				CLANG_WARN_SUSPICIOUS_MOVES = YES;
				CLANG_WARN_UNREACHABLE_CODE = YES;
				CLANG_WARN__DUPLICATE_METHOD_MATCH = YES;
				"CODE_SIGN_IDENTITY[sdk=iphoneos*]" = "iPhone Developer";
				COPY_PHASE_STRIP = NO;
				DEBUG_INFORMATION_FORMAT = dwarf;
				ENABLE_STRICT_OBJC_MSGSEND = YES;
				ENABLE_TESTABILITY = YES;
				GCC_C_LANGUAGE_STANDARD = gnu99;
				GCC_DYNAMIC_NO_PIC = NO;
				GCC_NO_COMMON_BLOCKS = YES;
				GCC_OPTIMIZATION_LEVEL = 0;
				GCC_PREPROCESSOR_DEFINITIONS = (
					"DEBUG=1",
					"$(inherited)",
				);
				GCC_WARN_64_TO_32_BIT_CONVERSION = YES;
				GCC_WARN_ABOUT_RETURN_TYPE = YES_ERROR;
				GCC_WARN_UNDECLARED_SELECTOR = YES;
				GCC_WARN_UNINITIALIZED_AUTOS = YES_AGGRESSIVE;
				GCC_WARN_UNUSED_FUNCTION = YES;
				GCC_WARN_UNUSED_VARIABLE = YES;
				IPHONEOS_DEPLOYMENT_TARGET = 10.1;
				MTL_ENABLE_DEBUG_INFO = YES;
				ONLY_ACTIVE_ARCH = YES;
				SDKROOT = iphoneos;
			};
			name = Debug;
		};
		21717C8E1DD2BAF400461D08 /* Release */ = {
			isa = XCBuildConfiguration;
			buildSettings = {
				ALWAYS_SEARCH_USER_PATHS = NO;
				CLANG_ANALYZER_NONNULL = YES;
				CLANG_CXX_LANGUAGE_STANDARD = "gnu++0x";
				CLANG_CXX_LIBRARY = "libc++";
				CLANG_ENABLE_MODULES = YES;
				CLANG_ENABLE_OBJC_ARC = YES;
				CLANG_WARN_BOOL_CONVERSION = YES;
				CLANG_WARN_CONSTANT_CONVERSION = YES;
				CLANG_WARN_DIRECT_OBJC_ISA_USAGE = YES_ERROR;
				CLANG_WARN_DOCUMENTATION_COMMENTS = YES;
				CLANG_WARN_EMPTY_BODY = YES;
				CLANG_WARN_ENUM_CONVERSION = YES;
				CLANG_WARN_INFINITE_RECURSION = YES;
				CLANG_WARN_INT_CONVERSION = YES;
				CLANG_WARN_OBJC_ROOT_CLASS = YES_ERROR;
				CLANG_WARN_SUSPICIOUS_MOVES = YES;
				CLANG_WARN_UNREACHABLE_CODE = YES;
				CLANG_WARN__DUPLICATE_METHOD_MATCH = YES;
				"CODE_SIGN_IDENTITY[sdk=iphoneos*]" = "iPhone Developer";
				COPY_PHASE_STRIP = NO;
				DEBUG_INFORMATION_FORMAT = "dwarf-with-dsym";
				ENABLE_NS_ASSERTIONS = NO;
				ENABLE_STRICT_OBJC_MSGSEND = YES;
				GCC_C_LANGUAGE_STANDARD = gnu99;
				GCC_NO_COMMON_BLOCKS = YES;
				GCC_WARN_64_TO_32_BIT_CONVERSION = YES;
				GCC_WARN_ABOUT_RETURN_TYPE = YES_ERROR;
				GCC_WARN_UNDECLARED_SELECTOR = YES;
				GCC_WARN_UNINITIALIZED_AUTOS = YES_AGGRESSIVE;
				GCC_WARN_UNUSED_FUNCTION = YES;
				GCC_WARN_UNUSED_VARIABLE = YES;
				IPHONEOS_DEPLOYMENT_TARGET = 10.1;
				MTL_ENABLE_DEBUG_INFO = NO;
				SDKROOT = iphoneos;
				VALIDATE_PRODUCT = YES;
			};
			name = Release;
		};
		21717C901DD2BAF400461D08 /* Debug */ = {
			isa = XCBuildConfiguration;
			baseConfigurationReference = 5D65F4DDC544B8AADDFF0743 /* Pods-DS.debug.xcconfig */;
			buildSettings = {
				ASSETCATALOG_COMPILER_APPICON_NAME = AppIcon;
				DEVELOPMENT_TEAM = W68N6MQ3M7;
				ENABLE_BITCODE = NO;
				FRAMEWORK_SEARCH_PATHS = (
					"$(inherited)",
					"$(PROJECT_DIR)",
					"$(PROJECT_DIR)/Frameworks",
				);
				GCC_INPUT_FILETYPE = automatic;
				GCC_NO_COMMON_BLOCKS = YES;
				GCC_PRECOMPILE_PREFIX_HEADER = YES;
				GCC_PREFIX_HEADER = $SRCROOT/DS/PrefixHeader.pch;
				INFOPLIST_FILE = DS/Info.plist;
				IPHONEOS_DEPLOYMENT_TARGET = 10.0;
				LD_RUNPATH_SEARCH_PATHS = "$(inherited) @executable_path/Frameworks";
				OTHER_LDFLAGS = (
					"$(inherited)",
					"-ObjC",
					"-l\"LFLiveKit\"",
					"-l\"c++\"",
					"-l\"z\"",
					"-framework",
					"\"AVFoundation\"",
					"-framework",
					"\"AudioToolbox\"",
					"-framework",
					"\"Foundation\"",
					"-framework",
					"\"GPUImage\"",
					"-framework",
					"\"UIKit\"",
					"-framework",
					"\"VideoToolbox\"",
					"-framework",
					"\"pili-librtmp\"",
				);
				PRODUCT_BUNDLE_IDENTIFIER = com.co.DS;
				PRODUCT_NAME = "$(TARGET_NAME)";
			};
			name = Debug;
		};
		21717C911DD2BAF400461D08 /* Release */ = {
			isa = XCBuildConfiguration;
			baseConfigurationReference = BFDBD0F9F538B7753375279E /* Pods-DS.release.xcconfig */;
			buildSettings = {
				ASSETCATALOG_COMPILER_APPICON_NAME = AppIcon;
				DEVELOPMENT_TEAM = W68N6MQ3M7;
				ENABLE_BITCODE = NO;
				FRAMEWORK_SEARCH_PATHS = (
					"$(inherited)",
					"$(PROJECT_DIR)",
					"$(PROJECT_DIR)/Frameworks",
				);
				GCC_INPUT_FILETYPE = automatic;
				GCC_NO_COMMON_BLOCKS = YES;
				GCC_PRECOMPILE_PREFIX_HEADER = YES;
				GCC_PREFIX_HEADER = $SRCROOT/DS/PrefixHeader.pch;
				INFOPLIST_FILE = DS/Info.plist;
				IPHONEOS_DEPLOYMENT_TARGET = 10.0;
				LD_RUNPATH_SEARCH_PATHS = "$(inherited) @executable_path/Frameworks";
				OTHER_LDFLAGS = (
					"$(inherited)",
					"-ObjC",
					"-l\"LFLiveKit\"",
					"-l\"c++\"",
					"-l\"z\"",
					"-framework",
					"\"AVFoundation\"",
					"-framework",
					"\"AudioToolbox\"",
					"-framework",
					"\"Foundation\"",
					"-framework",
					"\"GPUImage\"",
					"-framework",
					"\"UIKit\"",
					"-framework",
					"\"VideoToolbox\"",
					"-framework",
					"\"pili-librtmp\"",
				);
				PRODUCT_BUNDLE_IDENTIFIER = com.co.DS;
				PRODUCT_NAME = "$(TARGET_NAME)";
			};
			name = Release;
		};
/* End XCBuildConfiguration section */

/* Begin XCConfigurationList section */
		21717C701DD2BAF300461D08 /* Build configuration list for PBXProject "DS" */ = {
			isa = XCConfigurationList;
			buildConfigurations = (
				21717C8D1DD2BAF400461D08 /* Debug */,
				21717C8E1DD2BAF400461D08 /* Release */,
			);
			defaultConfigurationIsVisible = 0;
			defaultConfigurationName = Release;
		};
		21717C8F1DD2BAF400461D08 /* Build configuration list for PBXNativeTarget "DS" */ = {
			isa = XCConfigurationList;
			buildConfigurations = (
				21717C901DD2BAF400461D08 /* Debug */,
				21717C911DD2BAF400461D08 /* Release */,
			);
			defaultConfigurationIsVisible = 0;
			defaultConfigurationName = Release;
		};
/* End XCConfigurationList section */

/* Begin XCVersionGroup section */
		21717C841DD2BAF400461D08 /* DS.xcdatamodeld */ = {
			isa = XCVersionGroup;
			children = (
				21717C851DD2BAF400461D08 /* DS.xcdatamodel */,
			);
			currentVersion = 21717C851DD2BAF400461D08 /* DS.xcdatamodel */;
			path = DS.xcdatamodeld;
			sourceTree = "<group>";
			versionGroupType = wrapper.xcdatamodel;
		};
/* End XCVersionGroup section */
	};
	rootObject = 21717C6D1DD2BAF300461D08 /* Project object */;
}
